
Microsoft Visual Studio Solution File, Format Version 12.00
# Visual Studio 15
VisualStudioVersion = 15.0.27130.2027
MinimumVisualStudioVersion = 10.0.40219.1
Project("{9A19103F-16F7-4668-BE54-9A1E7A4F7556}") = "SimpleBlogApp", "SimpleBlogApp\SimpleBlogApp.csproj", "{2464C7B3-8D40-45D1-BEEB-7696637D5EA4}"
EndProject
Project("{9A19103F-16F7-4668-BE54-9A1E7A4F7556}") = "SimpleBlogApp.Tests", "SimpleBlogApp.Tests\SimpleBlogApp.Tests.csproj", "{446F84E8-9778-4FE7-9A9E-631E908ABE5A}"
EndProject
Project("{FAE04EC0-301F-11D3-BF4B-00C04F79EFBC}") = "SimpleBlogApp.IntegrationTests", "SimpleBlogApp.IntegrationTests\SimpleBlogApp.IntegrationTests.csproj", "{7D3938FB-CD50-42A7-A121-2117AD69CA92}"
EndProject
Global
	GlobalSection(SolutionConfigurationPlatforms) = preSolution
		Debug|Any CPU = Debug|Any CPU
		Release|Any CPU = Release|Any CPU
	EndGlobalSection
	GlobalSection(ProjectConfigurationPlatforms) = postSolution
		{2464C7B3-8D40-45D1-BEEB-7696637D5EA4}.Debug|Any CPU.ActiveCfg = Debug|Any CPU
		{2464C7B3-8D40-45D1-BEEB-7696637D5EA4}.Debug|Any CPU.Build.0 = Debug|Any CPU
		{2464C7B3-8D40-45D1-BEEB-7696637D5EA4}.Release|Any CPU.ActiveCfg = Release|Any CPU
		{2464C7B3-8D40-45D1-BEEB-7696637D5EA4}.Release|Any CPU.Build.0 = Release|Any CPU
		{446F84E8-9778-4FE7-9A9E-631E908ABE5A}.Debug|Any CPU.ActiveCfg = Debug|Any CPU
		{446F84E8-9778-4FE7-9A9E-631E908ABE5A}.Debug|Any CPU.Build.0 = Debug|Any CPU
		{446F84E8-9778-4FE7-9A9E-631E908ABE5A}.Release|Any CPU.ActiveCfg = Release|Any CPU
		{446F84E8-9778-4FE7-9A9E-631E908ABE5A}.Release|Any CPU.Build.0 = Release|Any CPU
		{7D3938FB-CD50-42A7-A121-2117AD69CA92}.Debug|Any CPU.ActiveCfg = Debug|Any CPU
		{7D3938FB-CD50-42A7-A121-2117AD69CA92}.Debug|Any CPU.Build.0 = Debug|Any CPU
		{7D3938FB-CD50-42A7-A121-2117AD69CA92}.Release|Any CPU.ActiveCfg = Release|Any CPU
		{7D3938FB-CD50-42A7-A121-2117AD69CA92}.Release|Any CPU.Build.0 = Release|Any CPU
	EndGlobalSection
	GlobalSection(SolutionProperties) = preSolution
		HideSolutionNode = FALSE
	EndGlobalSection
	GlobalSection(ExtensibilityGlobals) = postSolution
		SolutionGuid = {19C6A2D6-BDCA-4473-8326-0B6701FA5AC4}
	EndGlobalSection
EndGlobal
